
Microsoft Visual Studio Solution File, Format Version 12.00
# Visual Studio Version 16
VisualStudioVersion = 16.0.29613.14
MinimumVisualStudioVersion = 10.0.40219.1
Project("{FAE04EC0-301F-11D3-BF4B-00C04F79EFBC}") = "Pizza", "Pizza.csproj", "{C47015E2-091D-4699-BE77-87301386079E}"
EndProject
Global
	GlobalSection(SolutionConfigurationPlatforms) = preSolution
		Debug|Any CPU = Debug|Any CPU
		Release|Any CPU = Release|Any CPU
	EndGlobalSection
	GlobalSection(ProjectConfigurationPlatforms) = postSolution
		{C47015E2-091D-4699-BE77-87301386079E}.Debug|Any CPU.ActiveCfg = Debug|Any CPU
		{C47015E2-091D-4699-BE77-87301386079E}.Debug|Any CPU.Build.0 = Debug|Any CPU
		{C47015E2-091D-4699-BE77-87301386079E}.Release|Any CPU.ActiveCfg = Release|Any CPU
		{C47015E2-091D-4699-BE77-87301386079E}.Release|Any CPU.Build.0 = Release|Any CPU
	EndGlobalSection
	GlobalSection(SolutionProperties) = preSolution
		HideSolutionNode = FALSE
	EndGlobalSection
	GlobalSection(ExtensibilityGlobals) = postSolution
		SolutionGuid = {50BA71FE-FD85-4BC3-A760-B06676098923}
	EndGlobalSection
EndGlobal
